
Microsoft Visual Studio Solution File, Format Version 12.00
# Visual Studio 15
Project("{FAE04EC0-301F-11D3-BF4B-00C04F79EFBC}") = "consoleProgram", "consoleProgram\consoleProgram.csproj", "{48243C88-697A-4DB4-878A-E47E53C4549F}"
EndProject
Global
	GlobalSection(SolutionConfigurationPlatforms) = preSolution
		Debug|anycpu = Debug|anycpu
		Release|anycpu = Release|anycpu
	EndGlobalSection
	GlobalSection(ProjectConfigurationPlatforms) = postSolution
		{48243C88-697A-4DB4-878A-E47E53C4549F}.Debug|anycpu.ActiveCfg = Debug|anycpu
		{48243C88-697A-4DB4-878A-E47E53C4549F}.Debug|anycpu.Build.0 = Debug|anycpu
		{48243C88-697A-4DB4-878A-E47E53C4549F}.Release|anycpu.ActiveCfg = Release|anycpu
		{48243C88-697A-4DB4-878A-E47E53C4549F}.Release|anycpu.Build.0 = Release|anycpu
	EndGlobalSection
EndGlobal
